
Microsoft Visual Studio Solution File, Format Version 12.00
# Visual Studio 15
VisualStudioVersion = 15.0.28010.2048
MinimumVisualStudioVersion = 10.0.40219.1
Project("{FAE04EC0-301F-11D3-BF4B-00C04F79EFBC}") = "ISAD157interface", "ISAD157interface\ISAD157interface.csproj", "{311E2430-9A78-4B23-94BD-41DD28C5CB1B}"
EndProject
Global
	GlobalSection(SolutionConfigurationPlatforms) = preSolution
		Debug|Any CPU = Debug|Any CPU
		Release|Any CPU = Release|Any CPU
	EndGlobalSection
	GlobalSection(ProjectConfigurationPlatforms) = postSolution
		{311E2430-9A78-4B23-94BD-41DD28C5CB1B}.Debug|Any CPU.ActiveCfg = Debug|Any CPU
		{311E2430-9A78-4B23-94BD-41DD28C5CB1B}.Debug|Any CPU.Build.0 = Debug|Any CPU
		{311E2430-9A78-4B23-94BD-41DD28C5CB1B}.Release|Any CPU.ActiveCfg = Release|Any CPU
		{311E2430-9A78-4B23-94BD-41DD28C5CB1B}.Release|Any CPU.Build.0 = Release|Any CPU
	EndGlobalSection
	GlobalSection(SolutionProperties) = preSolution
		HideSolutionNode = FALSE
	EndGlobalSection
	GlobalSection(ExtensibilityGlobals) = postSolution
		SolutionGuid = {017CA46B-4C4D-4E97-8CCC-8BA4EABD9A99}
	EndGlobalSection
EndGlobal
